
Microsoft Visual Studio Solution File, Format Version 12.00
# Visual Studio Version 17
VisualStudioVersion = 17.0.32112.339
MinimumVisualStudioVersion = 10.0.40219.1
Project("{9A19103F-16F7-4668-BE54-9A1E7A4F7556}") = "Antyrama.Pinger", "Antyrama.Pinger\Antyrama.Pinger.csproj", "{2CF12C9A-DA6A-49F1-8B6A-E3AD57C13250}"
EndProject
Project("{FAE04EC0-301F-11D3-BF4B-00C04F79EFBC}") = "Antyrama.Pinger.Converter", "Antyrama.Pinger.Converter\Antyrama.Pinger.Converter.csproj", "{50E21FAB-BDB1-4FE6-9E08-469832A83AB6}"
EndProject
Global
	GlobalSection(SolutionConfigurationPlatforms) = preSolution
		Debug|Any CPU = Debug|Any CPU
		Release|Any CPU = Release|Any CPU
	EndGlobalSection
	GlobalSection(ProjectConfigurationPlatforms) = postSolution
		{2CF12C9A-DA6A-49F1-8B6A-E3AD57C13250}.Debug|Any CPU.ActiveCfg = Debug|Any CPU
		{2CF12C9A-DA6A-49F1-8B6A-E3AD57C13250}.Debug|Any CPU.Build.0 = Debug|Any CPU
		{2CF12C9A-DA6A-49F1-8B6A-E3AD57C13250}.Release|Any CPU.ActiveCfg = Release|Any CPU
		{2CF12C9A-DA6A-49F1-8B6A-E3AD57C13250}.Release|Any CPU.Build.0 = Release|Any CPU
		{50E21FAB-BDB1-4FE6-9E08-469832A83AB6}.Debug|Any CPU.ActiveCfg = Debug|Any CPU
		{50E21FAB-BDB1-4FE6-9E08-469832A83AB6}.Debug|Any CPU.Build.0 = Debug|Any CPU
		{50E21FAB-BDB1-4FE6-9E08-469832A83AB6}.Release|Any CPU.ActiveCfg = Release|Any CPU
		{50E21FAB-BDB1-4FE6-9E08-469832A83AB6}.Release|Any CPU.Build.0 = Release|Any CPU
	EndGlobalSection
	GlobalSection(SolutionProperties) = preSolution
		HideSolutionNode = FALSE
	EndGlobalSection
	GlobalSection(ExtensibilityGlobals) = postSolution
		SolutionGuid = {0B8F7C30-12DD-4AB2-A1D5-2ACEB91DD763}
	EndGlobalSection
EndGlobal
